
Microsoft Visual Studio Solution File, Format Version 12.00
# Visual Studio Version 16
VisualStudioVersion = 16.0.29201.188
MinimumVisualStudioVersion = 10.0.40219.1
Project("{FAE04EC0-301F-11D3-BF4B-00C04F79EFBC}") = "ConsoleTest", "Library\ConsoleTest.csproj", "{6C647C42-BF92-487A-8EC7-AC346E6D0796}"
EndProject
Project("{FAE04EC0-301F-11D3-BF4B-00C04F79EFBC}") = "StudentLibrary", "StudentLibrary\StudentLibrary.csproj", "{38EBCE5B-F485-473D-BB4D-FB2C8DEDE7CA}"
EndProject
Project("{FAE04EC0-301F-11D3-BF4B-00C04F79EFBC}") = "GregsUtilitiesLibrary", "GregsUtilitiesLibrary\GregsUtilitiesLibrary.csproj", "{897D7215-73AB-481A-ABC6-D1E335BE8B2D}"
EndProject
Global
	GlobalSection(SolutionConfigurationPlatforms) = preSolution
		Debug|Any CPU = Debug|Any CPU
		Release|Any CPU = Release|Any CPU
	EndGlobalSection
	GlobalSection(ProjectConfigurationPlatforms) = postSolution
		{6C647C42-BF92-487A-8EC7-AC346E6D0796}.Debug|Any CPU.ActiveCfg = Debug|Any CPU
		{6C647C42-BF92-487A-8EC7-AC346E6D0796}.Debug|Any CPU.Build.0 = Debug|Any CPU
		{6C647C42-BF92-487A-8EC7-AC346E6D0796}.Release|Any CPU.ActiveCfg = Release|Any CPU
		{6C647C42-BF92-487A-8EC7-AC346E6D0796}.Release|Any CPU.Build.0 = Release|Any CPU
		{38EBCE5B-F485-473D-BB4D-FB2C8DEDE7CA}.Debug|Any CPU.ActiveCfg = Debug|Any CPU
		{38EBCE5B-F485-473D-BB4D-FB2C8DEDE7CA}.Debug|Any CPU.Build.0 = Debug|Any CPU
		{38EBCE5B-F485-473D-BB4D-FB2C8DEDE7CA}.Release|Any CPU.ActiveCfg = Release|Any CPU
		{38EBCE5B-F485-473D-BB4D-FB2C8DEDE7CA}.Release|Any CPU.Build.0 = Release|Any CPU
		{897D7215-73AB-481A-ABC6-D1E335BE8B2D}.Debug|Any CPU.ActiveCfg = Debug|Any CPU
		{897D7215-73AB-481A-ABC6-D1E335BE8B2D}.Debug|Any CPU.Build.0 = Debug|Any CPU
		{897D7215-73AB-481A-ABC6-D1E335BE8B2D}.Release|Any CPU.ActiveCfg = Release|Any CPU
		{897D7215-73AB-481A-ABC6-D1E335BE8B2D}.Release|Any CPU.Build.0 = Release|Any CPU
	EndGlobalSection
	GlobalSection(SolutionProperties) = preSolution
		HideSolutionNode = FALSE
	EndGlobalSection
	GlobalSection(ExtensibilityGlobals) = postSolution
		SolutionGuid = {74E9BBF7-26AA-48FE-B0CF-9197E2C6178C}
	EndGlobalSection
EndGlobal
